
Microsoft Visual Studio Solution File, Format Version 12.00
# Visual Studio 14
VisualStudioVersion = 14.0.24720.0
MinimumVisualStudioVersion = 10.0.40219.1
Project("{2150E333-8FDC-42A3-9474-1A3956D46DE8}") = "15", "15", "{2A85E6D1-90BB-46D6-8A0A-BBCFCB641BF7}"
EndProject
Project("{FAE04EC0-301F-11D3-BF4B-00C04F79EFBC}") = "countStackElements", "countStackElements\countStackElements.csproj", "{EB9985AC-32ED-4F79-9705-335CEFB5A416}"
EndProject
Project("{FAE04EC0-301F-11D3-BF4B-00C04F79EFBC}") = "Lists", "MyStack\Lists.csproj", "{E900DC15-C46A-45FE-AAE5-975F0AEEE19A}"
EndProject
Project("{FAE04EC0-301F-11D3-BF4B-00C04F79EFBC}") = "CountingGame", "CountingGame\CountingGame.csproj", "{1CEEBBE2-60DF-4A34-90AA-CDEED2B9A5E2}"
EndProject
Project("{FAE04EC0-301F-11D3-BF4B-00C04F79EFBC}") = "FindProgression", "FindProgression\FindProgression.csproj", "{1BED3B82-0038-4107-AEDD-B42ED97AF0DF}"
EndProject
Project("{2150E333-8FDC-42A3-9474-1A3956D46DE8}") = "16", "16", "{93D633AB-6B31-43BD-B327-61C8E429FB1A}"
EndProject
Project("{FAE04EC0-301F-11D3-BF4B-00C04F79EFBC}") = "Sort", "Sort\Sort.csproj", "{18C25A20-F251-4299-9F37-DA8BA5EFA105}"
EndProject
Project("{FAE04EC0-301F-11D3-BF4B-00C04F79EFBC}") = "MergeTwoListsForm", "MergeTwoListsForm\MergeTwoListsForm.csproj", "{98C4BAC0-4172-4BA2-B27F-32DF3B05A791}"
EndProject
Global
	GlobalSection(SolutionConfigurationPlatforms) = preSolution
		Debug|Any CPU = Debug|Any CPU
		Release|Any CPU = Release|Any CPU
	EndGlobalSection
	GlobalSection(ProjectConfigurationPlatforms) = postSolution
		{EB9985AC-32ED-4F79-9705-335CEFB5A416}.Debug|Any CPU.ActiveCfg = Debug|Any CPU
		{EB9985AC-32ED-4F79-9705-335CEFB5A416}.Debug|Any CPU.Build.0 = Debug|Any CPU
		{EB9985AC-32ED-4F79-9705-335CEFB5A416}.Release|Any CPU.ActiveCfg = Release|Any CPU
		{EB9985AC-32ED-4F79-9705-335CEFB5A416}.Release|Any CPU.Build.0 = Release|Any CPU
		{E900DC15-C46A-45FE-AAE5-975F0AEEE19A}.Debug|Any CPU.ActiveCfg = Debug|Any CPU
		{E900DC15-C46A-45FE-AAE5-975F0AEEE19A}.Debug|Any CPU.Build.0 = Debug|Any CPU
		{E900DC15-C46A-45FE-AAE5-975F0AEEE19A}.Release|Any CPU.ActiveCfg = Release|Any CPU
		{E900DC15-C46A-45FE-AAE5-975F0AEEE19A}.Release|Any CPU.Build.0 = Release|Any CPU
		{1CEEBBE2-60DF-4A34-90AA-CDEED2B9A5E2}.Debug|Any CPU.ActiveCfg = Debug|Any CPU
		{1CEEBBE2-60DF-4A34-90AA-CDEED2B9A5E2}.Debug|Any CPU.Build.0 = Debug|Any CPU
		{1CEEBBE2-60DF-4A34-90AA-CDEED2B9A5E2}.Release|Any CPU.ActiveCfg = Release|Any CPU
		{1CEEBBE2-60DF-4A34-90AA-CDEED2B9A5E2}.Release|Any CPU.Build.0 = Release|Any CPU
		{1BED3B82-0038-4107-AEDD-B42ED97AF0DF}.Debug|Any CPU.ActiveCfg = Debug|Any CPU
		{1BED3B82-0038-4107-AEDD-B42ED97AF0DF}.Debug|Any CPU.Build.0 = Debug|Any CPU
		{1BED3B82-0038-4107-AEDD-B42ED97AF0DF}.Release|Any CPU.ActiveCfg = Release|Any CPU
		{1BED3B82-0038-4107-AEDD-B42ED97AF0DF}.Release|Any CPU.Build.0 = Release|Any CPU
		{18C25A20-F251-4299-9F37-DA8BA5EFA105}.Debug|Any CPU.ActiveCfg = Debug|Any CPU
		{18C25A20-F251-4299-9F37-DA8BA5EFA105}.Debug|Any CPU.Build.0 = Debug|Any CPU
		{18C25A20-F251-4299-9F37-DA8BA5EFA105}.Release|Any CPU.ActiveCfg = Release|Any CPU
		{18C25A20-F251-4299-9F37-DA8BA5EFA105}.Release|Any CPU.Build.0 = Release|Any CPU
		{98C4BAC0-4172-4BA2-B27F-32DF3B05A791}.Debug|Any CPU.ActiveCfg = Debug|Any CPU
		{98C4BAC0-4172-4BA2-B27F-32DF3B05A791}.Debug|Any CPU.Build.0 = Debug|Any CPU
		{98C4BAC0-4172-4BA2-B27F-32DF3B05A791}.Release|Any CPU.ActiveCfg = Release|Any CPU
		{98C4BAC0-4172-4BA2-B27F-32DF3B05A791}.Release|Any CPU.Build.0 = Release|Any CPU
	EndGlobalSection
	GlobalSection(SolutionProperties) = preSolution
		HideSolutionNode = FALSE
	EndGlobalSection
	GlobalSection(NestedProjects) = preSolution
		{EB9985AC-32ED-4F79-9705-335CEFB5A416} = {2A85E6D1-90BB-46D6-8A0A-BBCFCB641BF7}
		{E900DC15-C46A-45FE-AAE5-975F0AEEE19A} = {2A85E6D1-90BB-46D6-8A0A-BBCFCB641BF7}
		{1CEEBBE2-60DF-4A34-90AA-CDEED2B9A5E2} = {2A85E6D1-90BB-46D6-8A0A-BBCFCB641BF7}
		{1BED3B82-0038-4107-AEDD-B42ED97AF0DF} = {2A85E6D1-90BB-46D6-8A0A-BBCFCB641BF7}
		{18C25A20-F251-4299-9F37-DA8BA5EFA105} = {93D633AB-6B31-43BD-B327-61C8E429FB1A}
		{98C4BAC0-4172-4BA2-B27F-32DF3B05A791} = {93D633AB-6B31-43BD-B327-61C8E429FB1A}
	EndGlobalSection
EndGlobal
